// !$*UTF8*$!
{
	archiveVersion = 1;
	classes = {
	};
	objectVersion = 46;
	objects = {

/* Begin PBXBuildFile section */
		F11799EB20527A7200EB9D35 /* AppDelegate.swift in Sources */ = {isa = PBXBuildFile; fileRef = F11799EA20527A7200EB9D35 /* AppDelegate.swift */; };
		F11799ED20527A7200EB9D35 /* ViewController.swift in Sources */ = {isa = PBXBuildFile; fileRef = F11799EC20527A7200EB9D35 /* ViewController.swift */; };
		F11799F020527A7200EB9D35 /* Main.storyboard in Resources */ = {isa = PBXBuildFile; fileRef = F11799EE20527A7200EB9D35 /* Main.storyboard */; };
		F11799F220527A7200EB9D35 /* Assets.xcassets in Resources */ = {isa = PBXBuildFile; fileRef = F11799F120527A7200EB9D35 /* Assets.xcassets */; };
		F11799F520527A7200EB9D35 /* LaunchScreen.storyboard in Resources */ = {isa = PBXBuildFile; fileRef = F11799F320527A7200EB9D35 /* LaunchScreen.storyboard */; };
/* End PBXBuildFile section */

/* Begin PBXFileReference section */
		F11799E720527A7200EB9D35 /* Eval.app */ = {isa = PBXFileReference; explicitFileType = wrapper.application; includeInIndex = 0; path = Eval.app; sourceTree = BUILT_PRODUCTS_DIR; };
		F11799EA20527A7200EB9D35 /* AppDelegate.swift */ = {isa = PBXFileReference; lastKnownFileType = sourcecode.swift; path = AppDelegate.swift; sourceTree = "<group>"; };
		F11799EC20527A7200EB9D35 /* ViewController.swift */ = {isa = PBXFileReference; lastKnownFileType = sourcecode.swift; path = ViewController.swift; sourceTree = "<group>"; };
		F11799EF20527A7200EB9D35 /* Base */ = {isa = PBXFileReference; lastKnownFileType = file.storyboard; name = Base; path = Base.lproj/Main.storyboard; sourceTree = "<group>"; };
		F11799F120527A7200EB9D35 /* Assets.xcassets */ = {isa = PBXFileReference; lastKnownFileType = folder.assetcatalog; path = Assets.xcassets; sourceTree = "<group>"; };
		F11799F420527A7200EB9D35 /* Base */ = {isa = PBXFileReference; lastKnownFileType = file.storyboard; name = Base; path = Base.lproj/LaunchScreen.storyboard; sourceTree = "<group>"; };
		F11799F620527A7200EB9D35 /* Info.plist */ = {isa = PBXFileReference; lastKnownFileType = text.plist.xml; path = Info.plist; sourceTree = "<group>"; };
/* End PBXFileReference section */

/* Begin PBXFrameworksBuildPhase section */
		F11799E420527A7100EB9D35 /* Frameworks */ = {
			isa = PBXFrameworksBuildPhase;
			buildActionMask = 2147483647;
			files = (
			);
			runOnlyForDeploymentPostprocessing = 0;
		};
/* End PBXFrameworksBuildPhase section */

/* Begin PBXGroup section */
		F11799DE20527A7100EB9D35 = {
			isa = PBXGroup;
			children = (
				F11799E920527A7200EB9D35 /* Eval */,
				F11799E820527A7200EB9D35 /* Products */,
			);
			sourceTree = "<group>";
		};
		F11799E820527A7200EB9D35 /* Products */ = {
			isa = PBXGroup;
			children = (
				F11799E720527A7200EB9D35 /* Eval.app */,
			);
			name = Products;
			sourceTree = "<group>";
		};
		F11799E920527A7200EB9D35 /* Eval */ = {
			isa = PBXGroup;
			children = (
				F11799EA20527A7200EB9D35 /* AppDelegate.swift */,
				F11799EC20527A7200EB9D35 /* ViewController.swift */,
				F11799EE20527A7200EB9D35 /* Main.storyboard */,
				F11799F120527A7200EB9D35 /* Assets.xcassets */,
				F11799F320527A7200EB9D35 /* LaunchScreen.storyboard */,
				F11799F620527A7200EB9D35 /* Info.plist */,
			);
			path = Eval;
			sourceTree = "<group>";
		};
/* End PBXGroup section */

/* Begin PBXNativeTarget section */
		F11799E620527A7100EB9D35 /* Eval */ = {
			isa = PBXNativeTarget;
			buildConfigurationList = F11799F920527A7200EB9D35 /* Build configuration list for PBXNativeTarget "Eval" */;
			buildPhases = (
				F11799E320527A7100EB9D35 /* Sources */,
				F11799E420527A7100EB9D35 /* Frameworks */,
				F11799E520527A7100EB9D35 /* Resources */,
			);
			buildRules = (
			);
			dependencies = (
			);
			name = Eval;
			productName = Eval;
			productReference = F11799E720527A7200EB9D35 /* Eval.app */;
			productType = "com.apple.product-type.application";
		};
/* End PBXNativeTarget section */

/* Begin PBXProject section */
		F11799DF20527A7100EB9D35 /* Project object */ = {
			isa = PBXProject;
			attributes = {
				LastSwiftUpdateCheck = 0810;
				LastUpgradeCheck = 0810;
				ORGANIZATIONNAME = IMIE;
				TargetAttributes = {
					F11799E620527A7100EB9D35 = {
						CreatedOnToolsVersion = 8.1;
						ProvisioningStyle = Automatic;
					};
				};
			};
			buildConfigurationList = F11799E220527A7100EB9D35 /* Build configuration list for PBXProject "Eval" */;
			compatibilityVersion = "Xcode 3.2";
			developmentRegion = English;
			hasScannedForEncodings = 0;
			knownRegions = (
				en,
				Base,
			);
			mainGroup = F11799DE20527A7100EB9D35;
			productRefGroup = F11799E820527A7200EB9D35 /* Products */;
			projectDirPath = "";
			projectRoot = "";
			targets = (
				F11799E620527A7100EB9D35 /* Eval */,
			);
		};
/* End PBXProject section */

/* Begin PBXResourcesBuildPhase section */
		F11799E520527A7100EB9D35 /* Resources */ = {
			isa = PBXResourcesBuildPhase;
			buildActionMask = 2147483647;
			files = (
				F11799F520527A7200EB9D35 /* LaunchScreen.storyboard in Resources */,
				F11799F220527A7200EB9D35 /* Assets.xcassets in Resources */,
				F11799F020527A7200EB9D35 /* Main.storyboard in Resources */,
			);
			runOnlyForDeploymentPostprocessing = 0;
		};
/* End PBXResourcesBuildPhase section */

/* Begin PBXSourcesBuildPhase section */
		F11799E320527A7100EB9D35 /* Sources */ = {
			isa = PBXSourcesBuildPhase;
			buildActionMask = 2147483647;
			files = (
				F11799ED20527A7200EB9D35 /* ViewController.swift in Sources */,
				F11799EB20527A7200EB9D35 /* AppDelegate.swift in Sources */,
			);
			runOnlyForDeploymentPostprocessing = 0;
		};
/* End PBXSourcesBuildPhase section */

/* Begin PBXVariantGroup section */
		F11799EE20527A7200EB9D35 /* Main.storyboard */ = {
			isa = PBXVariantGroup;
			children = (
				F11799EF20527A7200EB9D35 /* Base */,
			);
			name = Main.storyboard;
			sourceTree = "<group>";
		};
		F11799F320527A7200EB9D35 /* LaunchScreen.storyboard */ = {
			isa = PBXVariantGroup;
			children = (
				F11799F420527A7200EB9D35 /* Base */,
			);
			name = LaunchScreen.storyboard;
			sourceTree = "<group>";
		};
/* End PBXVariantGroup section */

/* Begin XCBuildConfiguration section */
		F11799F720527A7200EB9D35 /* Debug */ = {
			isa = XCBuildConfiguration;
			buildSettings = {
				ALWAYS_SEARCH_USER_PATHS = NO;
				CLANG_ANALYZER_NONNULL = YES;
				CLANG_CXX_LANGUAGE_STANDARD = "gnu++0x";
				CLANG_CXX_LIBRARY = "libc++";
				CLANG_ENABLE_MODULES = YES;
				CLANG_ENABLE_OBJC_ARC = YES;
				CLANG_WARN_BOOL_CONVERSION = YES;
				CLANG_WARN_CONSTANT_CONVERSION = YES;
				CLANG_WARN_DIRECT_OBJC_ISA_USAGE = YES_ERROR;
				CLANG_WARN_DOCUMENTATION_COMMENTS = YES;
				CLANG_WARN_EMPTY_BODY = YES;
				CLANG_WARN_ENUM_CONVERSION = YES;
				CLANG_WARN_INFINITE_RECURSION = YES;
				CLANG_WARN_INT_CONVERSION = YES;
				CLANG_WARN_OBJC_ROOT_CLASS = YES_ERROR;
				CLANG_WARN_SUSPICIOUS_MOVES = YES;
				CLANG_WARN_UNREACHABLE_CODE = YES;
				CLANG_WARN__DUPLICATE_METHOD_MATCH = YES;
				"CODE_SIGN_IDENTITY[sdk=iphoneos*]" = "iPhone Developer";
				COPY_PHASE_STRIP = NO;
				DEBUG_INFORMATION_FORMAT = dwarf;
				ENABLE_STRICT_OBJC_MSGSEND = YES;
				ENABLE_TESTABILITY = YES;
				GCC_C_LANGUAGE_STANDARD = gnu99;
				GCC_DYNAMIC_NO_PIC = NO;
				GCC_NO_COMMON_BLOCKS = YES;
				GCC_OPTIMIZATION_LEVEL = 0;
				GCC_PREPROCESSOR_DEFINITIONS = (
					"DEBUG=1",
					"$(inherited)",
				);
				GCC_WARN_64_TO_32_BIT_CONVERSION = YES;
				GCC_WARN_ABOUT_RETURN_TYPE = YES_ERROR;
				GCC_WARN_UNDECLARED_SELECTOR = YES;
				GCC_WARN_UNINITIALIZED_AUTOS = YES_AGGRESSIVE;
				GCC_WARN_UNUSED_FUNCTION = YES;
				GCC_WARN_UNUSED_VARIABLE = YES;
				IPHONEOS_DEPLOYMENT_TARGET = 10.1;
				MTL_ENABLE_DEBUG_INFO = YES;
				ONLY_ACTIVE_ARCH = YES;
				SDKROOT = iphoneos;
				SWIFT_ACTIVE_COMPILATION_CONDITIONS = DEBUG;
				SWIFT_OPTIMIZATION_LEVEL = "-Onone";
				TARGETED_DEVICE_FAMILY = "1,2";
			};
			name = Debug;
		};
		F11799F820527A7200EB9D35 /* Release */ = {
			isa = XCBuildConfiguration;
			buildSettings = {
				ALWAYS_SEARCH_USER_PATHS = NO;
				CLANG_ANALYZER_NONNULL = YES;
				CLANG_CXX_LANGUAGE_STANDARD = "gnu++0x";
				CLANG_CXX_LIBRARY = "libc++";
				CLANG_ENABLE_MODULES = YES;
				CLANG_ENABLE_OBJC_ARC = YES;
				CLANG_WARN_BOOL_CONVERSION = YES;
				CLANG_WARN_CONSTANT_CONVERSION = YES;
				CLANG_WARN_DIRECT_OBJC_ISA_USAGE = YES_ERROR;
				CLANG_WARN_DOCUMENTATION_COMMENTS = YES;
				CLANG_WARN_EMPTY_BODY = YES;
				CLANG_WARN_ENUM_CONVERSION = YES;
				CLANG_WARN_INFINITE_RECURSION = YES;
				CLANG_WARN_INT_CONVERSION = YES;
				CLANG_WARN_OBJC_ROOT_CLASS = YES_ERROR;
				CLANG_WARN_SUSPICIOUS_MOVES = YES;
				CLANG_WARN_UNREACHABLE_CODE = YES;
				CLANG_WARN__DUPLICATE_METHOD_MATCH = YES;
				"CODE_SIGN_IDENTITY[sdk=iphoneos*]" = "iPhone Developer";
				COPY_PHASE_STRIP = NO;
				DEBUG_INFORMATION_FORMAT = "dwarf-with-dsym";
				ENABLE_NS_ASSERTIONS = NO;
				ENABLE_STRICT_OBJC_MSGSEND = YES;
				GCC_C_LANGUAGE_STANDARD = gnu99;
				GCC_NO_COMMON_BLOCKS = YES;
				GCC_WARN_64_TO_32_BIT_CONVERSION = YES;
				GCC_WARN_ABOUT_RETURN_TYPE = YES_ERROR;
				GCC_WARN_UNDECLARED_SELECTOR = YES;
				GCC_WARN_UNINITIALIZED_AUTOS = YES_AGGRESSIVE;
				GCC_WARN_UNUSED_FUNCTION = YES;
				GCC_WARN_UNUSED_VARIABLE = YES;
				IPHONEOS_DEPLOYMENT_TARGET = 10.1;
				MTL_ENABLE_DEBUG_INFO = NO;
				SDKROOT = iphoneos;
				SWIFT_OPTIMIZATION_LEVEL = "-Owholemodule";
				TARGETED_DEVICE_FAMILY = "1,2";
				VALIDATE_PRODUCT = YES;
			};
			name = Release;
		};
		F11799FA20527A7200EB9D35 /* Debug */ = {
			isa = XCBuildConfiguration;
			buildSettings = {
				ASSETCATALOG_COMPILER_APPICON_NAME = AppIcon;
				INFOPLIST_FILE = Eval/Info.plist;
				LD_RUNPATH_SEARCH_PATHS = "$(inherited) @executable_path/Frameworks";
				PRODUCT_BUNDLE_IDENTIFIER = fr.imie.Eval;
				PRODUCT_NAME = "$(TARGET_NAME)";
				SWIFT_VERSION = 3.0;
			};
			name = Debug;
		};
		F11799FB20527A7200EB9D35 /* Release */ = {
			isa = XCBuildConfiguration;
			buildSettings = {
				ASSETCATALOG_COMPILER_APPICON_NAME = AppIcon;
				INFOPLIST_FILE = Eval/Info.plist;
				LD_RUNPATH_SEARCH_PATHS = "$(inherited) @executable_path/Frameworks";
				PRODUCT_BUNDLE_IDENTIFIER = fr.imie.Eval;
				PRODUCT_NAME = "$(TARGET_NAME)";
				SWIFT_VERSION = 3.0;
			};
			name = Release;
		};
/* End XCBuildConfiguration section */

/* Begin XCConfigurationList section */
		F11799E220527A7100EB9D35 /* Build configuration list for PBXProject "Eval" */ = {
			isa = XCConfigurationList;
			buildConfigurations = (
				F11799F720527A7200EB9D35 /* Debug */,
				F11799F820527A7200EB9D35 /* Release */,
			);
			defaultConfigurationIsVisible = 0;
			defaultConfigurationName = Release;
		};
		F11799F920527A7200EB9D35 /* Build configuration list for PBXNativeTarget "Eval" */ = {
			isa = XCConfigurationList;
			buildConfigurations = (
				F11799FA20527A7200EB9D35 /* Debug */,
				F11799FB20527A7200EB9D35 /* Release */,
			);
			defaultConfigurationIsVisible = 0;
		};
/* End XCConfigurationList section */
	};
	rootObject = F11799DF20527A7100EB9D35 /* Project object */;
}
